# This file is automatically @generated by Cargo.
# It is not intended for manual editing.
version = 3

[[package]]
name = "restaurant"
version = "0.1.0"
source = "git+https://github.com/Gabriel-CR/reuso_software/?branch=main#f866b19a291ede002faec2a1540bb8c0dc57adf7"

[[package]]
name = "restaurant_use"
version = "0.1.0"
dependencies = [
 "restaurant",
]
